
Microsoft Visual Studio Solution File, Format Version 12.00
# Visual Studio Version 17
VisualStudioVersion = 17.0.31903.59
MinimumVisualStudioVersion = 10.0.40219.1
Project("{2150E333-8FDC-42A3-9474-1A3956D46DE8}") = "src", "src", "{4E08BA94-3AFC-4A85-A853-84CADD8F8A36}"
EndProject
Project("{FAE04EC0-301F-11D3-BF4B-00C04F79EFBC}") = "Falc.Identity.Server", "src\Falc.Identity.Server\Falc.Identity.Server.csproj", "{F559141F-CB86-4551-965E-965BB2E27F67}"
EndProject
Global
	GlobalSection(SolutionConfigurationPlatforms) = preSolution
		Debug|Any CPU = Debug|Any CPU
		Release|Any CPU = Release|Any CPU
	EndGlobalSection
	GlobalSection(SolutionProperties) = preSolution
		HideSolutionNode = FALSE
	EndGlobalSection
	GlobalSection(ProjectConfigurationPlatforms) = postSolution
		{F559141F-CB86-4551-965E-965BB2E27F67}.Debug|Any CPU.ActiveCfg = Debug|Any CPU
		{F559141F-CB86-4551-965E-965BB2E27F67}.Debug|Any CPU.Build.0 = Debug|Any CPU
		{F559141F-CB86-4551-965E-965BB2E27F67}.Release|Any CPU.ActiveCfg = Release|Any CPU
		{F559141F-CB86-4551-965E-965BB2E27F67}.Release|Any CPU.Build.0 = Release|Any CPU
	EndGlobalSection
	GlobalSection(NestedProjects) = preSolution
		{F559141F-CB86-4551-965E-965BB2E27F67} = {4E08BA94-3AFC-4A85-A853-84CADD8F8A36}
	EndGlobalSection
EndGlobal
